// !$*UTF8*$!
{
	archiveVersion = 1;
	classes = {
	};
	objectVersion = 51;
	objects = {

/* Begin PBXBuildFile section */
		170A013D23510AFB008A02B2 /* EMKOfficesRouter.m in Sources */ = {isa = PBXBuildFile; fileRef = 170A013C23510AFB008A02B2 /* EMKOfficesRouter.m */; };
		171B79C1235119EE00B5F2C7 /* EMKOfficesPresenter.m in Sources */ = {isa = PBXBuildFile; fileRef = 171B79C0235119EE00B5F2C7 /* EMKOfficesPresenter.m */; };
		171B79C423511D4900B5F2C7 /* EMKOfficesInteractor.m in Sources */ = {isa = PBXBuildFile; fileRef = 171B79C323511D4900B5F2C7 /* EMKOfficesInteractor.m */; };
		17395C1A2347AA0E00A181A2 /* AppDelegate.m in Sources */ = {isa = PBXBuildFile; fileRef = 17395C192347AA0E00A181A2 /* AppDelegate.m */; };
		17395C232347AA0E00A181A2 /* Main.storyboard in Resources */ = {isa = PBXBuildFile; fileRef = 17395C212347AA0E00A181A2 /* Main.storyboard */; };
		17395C252347AA0F00A181A2 /* Assets.xcassets in Resources */ = {isa = PBXBuildFile; fileRef = 17395C242347AA0F00A181A2 /* Assets.xcassets */; };
		17395C282347AA0F00A181A2 /* LaunchScreen.storyboard in Resources */ = {isa = PBXBuildFile; fileRef = 17395C262347AA0F00A181A2 /* LaunchScreen.storyboard */; };
		17395C2B2347AA0F00A181A2 /* main.m in Sources */ = {isa = PBXBuildFile; fileRef = 17395C2A2347AA0F00A181A2 /* main.m */; };
		17395C352347AA0F00A181A2 /* Emikana_SelfTestTests.m in Sources */ = {isa = PBXBuildFile; fileRef = 17395C342347AA0F00A181A2 /* Emikana_SelfTestTests.m */; };
		17395C412347B3CE00A181A2 /* EMKOfficesView.m in Sources */ = {isa = PBXBuildFile; fileRef = 17395C402347B3CE00A181A2 /* EMKOfficesView.m */; };
		17395C432347B57500A181A2 /* SystemConfiguration.framework in Frameworks */ = {isa = PBXBuildFile; fileRef = 17395C422347B57500A181A2 /* SystemConfiguration.framework */; };
		17395C462347B99A00A181A2 /* EMKDatabaseSyncInteractor.m in Sources */ = {isa = PBXBuildFile; fileRef = 17395C452347B99A00A181A2 /* EMKDatabaseSyncInteractor.m */; };
		17395C482347BA3200A181A2 /* EMKConstans.m in Sources */ = {isa = PBXBuildFile; fileRef = 17395C472347BA3200A181A2 /* EMKConstans.m */; };
		17395C4F234A545800A181A2 /* EMKCoreDataHelper.m in Sources */ = {isa = PBXBuildFile; fileRef = 17395C4E234A545800A181A2 /* EMKCoreDataHelper.m */; };
		17395C52234A58E400A181A2 /* Offices.xcdatamodeld in Sources */ = {isa = PBXBuildFile; fileRef = 17395C50234A58E400A181A2 /* Offices.xcdatamodeld */; };
		17395C5D234A6CE900A181A2 /* Office+CoreDataProperties.m in Sources */ = {isa = PBXBuildFile; fileRef = 17395C5A234A6CE800A181A2 /* Office+CoreDataProperties.m */; };
		17395C5E234A6CE900A181A2 /* Office+CoreDataClass.m in Sources */ = {isa = PBXBuildFile; fileRef = 17395C5C234A6CE900A181A2 /* Office+CoreDataClass.m */; };
		17395C61234B9D1100A181A2 /* EMKDatabaseSyncView.m in Sources */ = {isa = PBXBuildFile; fileRef = 17395C60234B9D1100A181A2 /* EMKDatabaseSyncView.m */; };
		17395C64234BA62600A181A2 /* EMKOfficeTableViewCell.m in Sources */ = {isa = PBXBuildFile; fileRef = 17395C63234BA62600A181A2 /* EMKOfficeTableViewCell.m */; };
		17395C67234BBDBD00A181A2 /* EMKOfficeDetailsTableViewController.m in Sources */ = {isa = PBXBuildFile; fileRef = 17395C66234BBDBD00A181A2 /* EMKOfficeDetailsTableViewController.m */; };
		17395C6A234BC8E500A181A2 /* EMKOfficeDetailsNameCell.m in Sources */ = {isa = PBXBuildFile; fileRef = 17395C69234BC8E500A181A2 /* EMKOfficeDetailsNameCell.m */; };
		17395C6D234BC92D00A181A2 /* EMKOfficeDetailsDetailsCell.m in Sources */ = {isa = PBXBuildFile; fileRef = 17395C6C234BC92D00A181A2 /* EMKOfficeDetailsDetailsCell.m */; };
		17395C70234BFA0700A181A2 /* EMKOfficeDetailsImageCell.m in Sources */ = {isa = PBXBuildFile; fileRef = 17395C6F234BFA0700A181A2 /* EMKOfficeDetailsImageCell.m */; };
		17395C73234CE98400A181A2 /* EMKOfficeMapViewController.m in Sources */ = {isa = PBXBuildFile; fileRef = 17395C72234CE98400A181A2 /* EMKOfficeMapViewController.m */; };
		17BBAF28234EA969003AB2F3 /* EMKMainRouter.m in Sources */ = {isa = PBXBuildFile; fileRef = 17BBAF27234EA969003AB2F3 /* EMKMainRouter.m */; };
		17BBAF2D234EAFE4003AB2F3 /* EMKDatabaseSyncPresenter.m in Sources */ = {isa = PBXBuildFile; fileRef = 17BBAF2C234EAFE4003AB2F3 /* EMKDatabaseSyncPresenter.m */; };
		17BCAC75234D2BBC002B629E /* EMKApiManager.m in Sources */ = {isa = PBXBuildFile; fileRef = 17BCAC74234D2BBC002B629E /* EMKApiManager.m */; };
		17BCAC79234E1C56002B629E /* EMKDatabaseManager.m in Sources */ = {isa = PBXBuildFile; fileRef = 17BCAC78234E1C56002B629E /* EMKDatabaseManager.m */; };
		17EB50FD234E6CAA0008A3A1 /* EMKDatabaseMigrationInteractor.m in Sources */ = {isa = PBXBuildFile; fileRef = 17EB50FC234E6CAA0008A3A1 /* EMKDatabaseMigrationInteractor.m */; };
		17EB5100234E81C10008A3A1 /* Office_to_Office_2.xcmappingmodel in Sources */ = {isa = PBXBuildFile; fileRef = 17EB50FF234E81C10008A3A1 /* Office_to_Office_2.xcmappingmodel */; };
		17EB5105234E95AE0008A3A1 /* EMKDatabaseMigrationProgressView.m in Sources */ = {isa = PBXBuildFile; fileRef = 17EB5104234E95AE0008A3A1 /* EMKDatabaseMigrationProgressView.m */; };
		17EB5108234E96410008A3A1 /* EMKDatabaseMigrationProgressPresenter.m in Sources */ = {isa = PBXBuildFile; fileRef = 17EB5107234E96410008A3A1 /* EMKDatabaseMigrationProgressPresenter.m */; };
		40CFAB7722BD9CFBFF04BAF4 /* Pods_Emakina_SelfTestTests.framework in Frameworks */ = {isa = PBXBuildFile; fileRef = 51DAF23E4F005132E467D193 /* Pods_Emakina_SelfTestTests.framework */; };
		C0FC709147BBD86BF46A3BE8 /* Pods_Emakina_SelfTest.framework in Frameworks */ = {isa = PBXBuildFile; fileRef = 109DD9D70C2E8BEBDC0C9258 /* Pods_Emakina_SelfTest.framework */; };
/* End PBXBuildFile section */

/* Begin PBXContainerItemProxy section */
		17395C312347AA0F00A181A2 /* PBXContainerItemProxy */ = {
			isa = PBXContainerItemProxy;
			containerPortal = 17395C0D2347AA0E00A181A2 /* Project object */;
			proxyType = 1;
			remoteGlobalIDString = 17395C142347AA0E00A181A2;
			remoteInfo = "Emikana-SelfTest";
		};
/* End PBXContainerItemProxy section */

/* Begin PBXFileReference section */
		109DD9D70C2E8BEBDC0C9258 /* Pods_Emakina_SelfTest.framework */ = {isa = PBXFileReference; explicitFileType = wrapper.framework; includeInIndex = 0; path = Pods_Emakina_SelfTest.framework; sourceTree = BUILT_PRODUCTS_DIR; };
		170A0137234EB1FB008A02B2 /* EMKDatabaseSyncOutput.h */ = {isa = PBXFileReference; lastKnownFileType = sourcecode.c.h; path = EMKDatabaseSyncOutput.h; sourceTree = "<group>"; };
		170A0138234EB312008A02B2 /* EMKDatabaseSyncProvider.h */ = {isa = PBXFileReference; lastKnownFileType = sourcecode.c.h; path = EMKDatabaseSyncProvider.h; sourceTree = "<group>"; };
		170A013A23510AA5008A02B2 /* EMKRouter.h */ = {isa = PBXFileReference; lastKnownFileType = sourcecode.c.h; path = EMKRouter.h; sourceTree = "<group>"; };
		170A013B23510AFB008A02B2 /* EMKOfficesRouter.h */ = {isa = PBXFileReference; lastKnownFileType = sourcecode.c.h; path = EMKOfficesRouter.h; sourceTree = "<group>"; };
		170A013C23510AFB008A02B2 /* EMKOfficesRouter.m */ = {isa = PBXFileReference; lastKnownFileType = sourcecode.c.objc; path = EMKOfficesRouter.m; sourceTree = "<group>"; };
		171B79BD235117F200B5F2C7 /* EMKOfficesViewProtocol.h */ = {isa = PBXFileReference; lastKnownFileType = sourcecode.c.h; path = EMKOfficesViewProtocol.h; sourceTree = "<group>"; };
		171B79BE2351188700B5F2C7 /* EMKOfficesViewEventHandler.h */ = {isa = PBXFileReference; lastKnownFileType = sourcecode.c.h; path = EMKOfficesViewEventHandler.h; sourceTree = "<group>"; };
		171B79BF235119EE00B5F2C7 /* EMKOfficesPresenter.h */ = {isa = PBXFileReference; lastKnownFileType = sourcecode.c.h; path = EMKOfficesPresenter.h; sourceTree = "<group>"; };
		171B79C0235119EE00B5F2C7 /* EMKOfficesPresenter.m */ = {isa = PBXFileReference; lastKnownFileType = sourcecode.c.objc; path = EMKOfficesPresenter.m; sourceTree = "<group>"; };
		171B79C223511D4900B5F2C7 /* EMKOfficesInteractor.h */ = {isa = PBXFileReference; lastKnownFileType = sourcecode.c.h; path = EMKOfficesInteractor.h; sourceTree = "<group>"; };
		171B79C323511D4900B5F2C7 /* EMKOfficesInteractor.m */ = {isa = PBXFileReference; lastKnownFileType = sourcecode.c.objc; path = EMKOfficesInteractor.m; sourceTree = "<group>"; };
		171B79C523511D7900B5F2C7 /* EMKOfficesProvider.h */ = {isa = PBXFileReference; lastKnownFileType = sourcecode.c.h; path = EMKOfficesProvider.h; sourceTree = "<group>"; };
		171B79C623511E8F00B5F2C7 /* EMKOfficesOutput.h */ = {isa = PBXFileReference; lastKnownFileType = sourcecode.c.h; path = EMKOfficesOutput.h; sourceTree = "<group>"; };
		171B79C7235137D200B5F2C7 /* EMKOfficesRouterProtocol.h */ = {isa = PBXFileReference; lastKnownFileType = sourcecode.c.h; path = EMKOfficesRouterProtocol.h; sourceTree = "<group>"; };
		17395C152347AA0E00A181A2 /* Emakina Offices.app */ = {isa = PBXFileReference; explicitFileType = wrapper.application; includeInIndex = 0; path = "Emakina Offices.app"; sourceTree = BUILT_PRODUCTS_DIR; };
		17395C182347AA0E00A181A2 /* AppDelegate.h */ = {isa = PBXFileReference; lastKnownFileType = sourcecode.c.h; path = AppDelegate.h; sourceTree = "<group>"; };
		17395C192347AA0E00A181A2 /* AppDelegate.m */ = {isa = PBXFileReference; lastKnownFileType = sourcecode.c.objc; path = AppDelegate.m; sourceTree = "<group>"; };
		17395C222347AA0E00A181A2 /* Base */ = {isa = PBXFileReference; lastKnownFileType = file.storyboard; name = Base; path = Base.lproj/Main.storyboard; sourceTree = "<group>"; };
		17395C242347AA0F00A181A2 /* Assets.xcassets */ = {isa = PBXFileReference; lastKnownFileType = folder.assetcatalog; path = Assets.xcassets; sourceTree = "<group>"; };
		17395C272347AA0F00A181A2 /* Base */ = {isa = PBXFileReference; lastKnownFileType = file.storyboard; name = Base; path = Base.lproj/LaunchScreen.storyboard; sourceTree = "<group>"; };
		17395C292347AA0F00A181A2 /* Info.plist */ = {isa = PBXFileReference; lastKnownFileType = text.plist.xml; path = Info.plist; sourceTree = "<group>"; };
		17395C2A2347AA0F00A181A2 /* main.m */ = {isa = PBXFileReference; lastKnownFileType = sourcecode.c.objc; path = main.m; sourceTree = "<group>"; };
		17395C302347AA0F00A181A2 /* Emakina-SelfTestTests.xctest */ = {isa = PBXFileReference; explicitFileType = wrapper.cfbundle; includeInIndex = 0; path = "Emakina-SelfTestTests.xctest"; sourceTree = BUILT_PRODUCTS_DIR; };
		17395C342347AA0F00A181A2 /* Emikana_SelfTestTests.m */ = {isa = PBXFileReference; lastKnownFileType = sourcecode.c.objc; path = Emikana_SelfTestTests.m; sourceTree = "<group>"; };
		17395C362347AA0F00A181A2 /* Info.plist */ = {isa = PBXFileReference; lastKnownFileType = text.plist.xml; path = Info.plist; sourceTree = "<group>"; };
		17395C3F2347B3CE00A181A2 /* EMKOfficesView.h */ = {isa = PBXFileReference; lastKnownFileType = sourcecode.c.h; path = EMKOfficesView.h; sourceTree = "<group>"; };
		17395C402347B3CE00A181A2 /* EMKOfficesView.m */ = {isa = PBXFileReference; lastKnownFileType = sourcecode.c.objc; path = EMKOfficesView.m; sourceTree = "<group>"; };
		17395C422347B57500A181A2 /* SystemConfiguration.framework */ = {isa = PBXFileReference; lastKnownFileType = wrapper.framework; name = SystemConfiguration.framework; path = System/Library/Frameworks/SystemConfiguration.framework; sourceTree = SDKROOT; };
		17395C442347B99A00A181A2 /* EMKDatabaseSyncInteractor.h */ = {isa = PBXFileReference; lastKnownFileType = sourcecode.c.h; path = EMKDatabaseSyncInteractor.h; sourceTree = "<group>"; };
		17395C452347B99A00A181A2 /* EMKDatabaseSyncInteractor.m */ = {isa = PBXFileReference; lastKnownFileType = sourcecode.c.objc; path = EMKDatabaseSyncInteractor.m; sourceTree = "<group>"; };
		17395C472347BA3200A181A2 /* EMKConstans.m */ = {isa = PBXFileReference; lastKnownFileType = sourcecode.c.objc; path = EMKConstans.m; sourceTree = "<group>"; };
		17395C492347BA4700A181A2 /* EMKConstans.h */ = {isa = PBXFileReference; lastKnownFileType = sourcecode.c.h; path = EMKConstans.h; sourceTree = "<group>"; };
		17395C4D234A545800A181A2 /* EMKCoreDataHelper.h */ = {isa = PBXFileReference; lastKnownFileType = sourcecode.c.h; path = EMKCoreDataHelper.h; sourceTree = "<group>"; };
		17395C4E234A545800A181A2 /* EMKCoreDataHelper.m */ = {isa = PBXFileReference; lastKnownFileType = sourcecode.c.objc; path = EMKCoreDataHelper.m; sourceTree = "<group>"; };
		17395C51234A58E400A181A2 /* Offices.xcdatamodel */ = {isa = PBXFileReference; lastKnownFileType = wrapper.xcdatamodel; path = Offices.xcdatamodel; sourceTree = "<group>"; };
		17395C59234A6CE800A181A2 /* Office+CoreDataClass.h */ = {isa = PBXFileReference; fileEncoding = 4; lastKnownFileType = sourcecode.c.h; path = "Office+CoreDataClass.h"; sourceTree = "<group>"; };
		17395C5A234A6CE800A181A2 /* Office+CoreDataProperties.m */ = {isa = PBXFileReference; fileEncoding = 4; lastKnownFileType = sourcecode.c.objc; path = "Office+CoreDataProperties.m"; sourceTree = "<group>"; };
		17395C5B234A6CE800A181A2 /* Office+CoreDataProperties.h */ = {isa = PBXFileReference; fileEncoding = 4; lastKnownFileType = sourcecode.c.h; path = "Office+CoreDataProperties.h"; sourceTree = "<group>"; };
		17395C5C234A6CE900A181A2 /* Office+CoreDataClass.m */ = {isa = PBXFileReference; fileEncoding = 4; lastKnownFileType = sourcecode.c.objc; path = "Office+CoreDataClass.m"; sourceTree = "<group>"; };
		17395C5F234B9D1100A181A2 /* EMKDatabaseSyncView.h */ = {isa = PBXFileReference; lastKnownFileType = sourcecode.c.h; path = EMKDatabaseSyncView.h; sourceTree = "<group>"; };
		17395C60234B9D1100A181A2 /* EMKDatabaseSyncView.m */ = {isa = PBXFileReference; lastKnownFileType = sourcecode.c.objc; path = EMKDatabaseSyncView.m; sourceTree = "<group>"; };
		17395C62234BA62600A181A2 /* EMKOfficeTableViewCell.h */ = {isa = PBXFileReference; lastKnownFileType = sourcecode.c.h; path = EMKOfficeTableViewCell.h; sourceTree = "<group>"; };
		17395C63234BA62600A181A2 /* EMKOfficeTableViewCell.m */ = {isa = PBXFileReference; lastKnownFileType = sourcecode.c.objc; path = EMKOfficeTableViewCell.m; sourceTree = "<group>"; };
		17395C65234BBDBD00A181A2 /* EMKOfficeDetailsTableViewController.h */ = {isa = PBXFileReference; lastKnownFileType = sourcecode.c.h; path = EMKOfficeDetailsTableViewController.h; sourceTree = "<group>"; };
		17395C66234BBDBD00A181A2 /* EMKOfficeDetailsTableViewController.m */ = {isa = PBXFileReference; lastKnownFileType = sourcecode.c.objc; path = EMKOfficeDetailsTableViewController.m; sourceTree = "<group>"; };
		17395C68234BC8E500A181A2 /* EMKOfficeDetailsNameCell.h */ = {isa = PBXFileReference; lastKnownFileType = sourcecode.c.h; path = EMKOfficeDetailsNameCell.h; sourceTree = "<group>"; };
		17395C69234BC8E500A181A2 /* EMKOfficeDetailsNameCell.m */ = {isa = PBXFileReference; lastKnownFileType = sourcecode.c.objc; path = EMKOfficeDetailsNameCell.m; sourceTree = "<group>"; };
		17395C6B234BC92D00A181A2 /* EMKOfficeDetailsDetailsCell.h */ = {isa = PBXFileReference; lastKnownFileType = sourcecode.c.h; path = EMKOfficeDetailsDetailsCell.h; sourceTree = "<group>"; };
		17395C6C234BC92D00A181A2 /* EMKOfficeDetailsDetailsCell.m */ = {isa = PBXFileReference; lastKnownFileType = sourcecode.c.objc; path = EMKOfficeDetailsDetailsCell.m; sourceTree = "<group>"; };
		17395C6E234BFA0700A181A2 /* EMKOfficeDetailsImageCell.h */ = {isa = PBXFileReference; lastKnownFileType = sourcecode.c.h; path = EMKOfficeDetailsImageCell.h; sourceTree = "<group>"; };
		17395C6F234BFA0700A181A2 /* EMKOfficeDetailsImageCell.m */ = {isa = PBXFileReference; lastKnownFileType = sourcecode.c.objc; path = EMKOfficeDetailsImageCell.m; sourceTree = "<group>"; };
		17395C71234CE98400A181A2 /* EMKOfficeMapViewController.h */ = {isa = PBXFileReference; lastKnownFileType = sourcecode.c.h; path = EMKOfficeMapViewController.h; sourceTree = "<group>"; };
		17395C72234CE98400A181A2 /* EMKOfficeMapViewController.m */ = {isa = PBXFileReference; lastKnownFileType = sourcecode.c.objc; path = EMKOfficeMapViewController.m; sourceTree = "<group>"; };
		17BBAF26234EA969003AB2F3 /* EMKMainRouter.h */ = {isa = PBXFileReference; lastKnownFileType = sourcecode.c.h; path = EMKMainRouter.h; sourceTree = "<group>"; };
		17BBAF27234EA969003AB2F3 /* EMKMainRouter.m */ = {isa = PBXFileReference; lastKnownFileType = sourcecode.c.objc; path = EMKMainRouter.m; sourceTree = "<group>"; };
		17BBAF2A234EAF71003AB2F3 /* EMKDatabaseSyncViewProtocol.h */ = {isa = PBXFileReference; lastKnownFileType = sourcecode.c.h; path = EMKDatabaseSyncViewProtocol.h; sourceTree = "<group>"; };
		17BBAF2B234EAFE4003AB2F3 /* EMKDatabaseSyncPresenter.h */ = {isa = PBXFileReference; lastKnownFileType = sourcecode.c.h; path = EMKDatabaseSyncPresenter.h; sourceTree = "<group>"; };
		17BBAF2C234EAFE4003AB2F3 /* EMKDatabaseSyncPresenter.m */ = {isa = PBXFileReference; lastKnownFileType = sourcecode.c.objc; path = EMKDatabaseSyncPresenter.m; sourceTree = "<group>"; };
		17BBAF2E234EB039003AB2F3 /* EMKDatabaseSyncEventHandler.h */ = {isa = PBXFileReference; lastKnownFileType = sourcecode.c.h; path = EMKDatabaseSyncEventHandler.h; sourceTree = "<group>"; };
		17BCAC73234D2BBC002B629E /* EMKApiManager.h */ = {isa = PBXFileReference; lastKnownFileType = sourcecode.c.h; path = EMKApiManager.h; sourceTree = "<group>"; };
		17BCAC74234D2BBC002B629E /* EMKApiManager.m */ = {isa = PBXFileReference; lastKnownFileType = sourcecode.c.objc; path = EMKApiManager.m; sourceTree = "<group>"; };
		17BCAC77234E1C56002B629E /* EMKDatabaseManager.h */ = {isa = PBXFileReference; lastKnownFileType = sourcecode.c.h; path = EMKDatabaseManager.h; sourceTree = "<group>"; };
		17BCAC78234E1C56002B629E /* EMKDatabaseManager.m */ = {isa = PBXFileReference; lastKnownFileType = sourcecode.c.objc; path = EMKDatabaseManager.m; sourceTree = "<group>"; };
		17EB50FB234E6CAA0008A3A1 /* EMKDatabaseMigrationInteractor.h */ = {isa = PBXFileReference; lastKnownFileType = sourcecode.c.h; path = EMKDatabaseMigrationInteractor.h; sourceTree = "<group>"; };
		17EB50FC234E6CAA0008A3A1 /* EMKDatabaseMigrationInteractor.m */ = {isa = PBXFileReference; lastKnownFileType = sourcecode.c.objc; path = EMKDatabaseMigrationInteractor.m; sourceTree = "<group>"; };
		17EB50FE234E80FB0008A3A1 /* Offices_2.xcdatamodel */ = {isa = PBXFileReference; lastKnownFileType = wrapper.xcdatamodel; path = Offices_2.xcdatamodel; sourceTree = "<group>"; };
		17EB50FF234E81C10008A3A1 /* Office_to_Office_2.xcmappingmodel */ = {isa = PBXFileReference; lastKnownFileType = wrapper.xcmappingmodel; path = Office_to_Office_2.xcmappingmodel; sourceTree = "<group>"; };
		17EB5103234E95AE0008A3A1 /* EMKDatabaseMigrationProgressView.h */ = {isa = PBXFileReference; lastKnownFileType = sourcecode.c.h; path = EMKDatabaseMigrationProgressView.h; sourceTree = "<group>"; };
		17EB5104234E95AE0008A3A1 /* EMKDatabaseMigrationProgressView.m */ = {isa = PBXFileReference; lastKnownFileType = sourcecode.c.objc; path = EMKDatabaseMigrationProgressView.m; sourceTree = "<group>"; };
		17EB5106234E96410008A3A1 /* EMKDatabaseMigrationProgressPresenter.h */ = {isa = PBXFileReference; lastKnownFileType = sourcecode.c.h; path = EMKDatabaseMigrationProgressPresenter.h; sourceTree = "<group>"; };
		17EB5107234E96410008A3A1 /* EMKDatabaseMigrationProgressPresenter.m */ = {isa = PBXFileReference; lastKnownFileType = sourcecode.c.objc; path = EMKDatabaseMigrationProgressPresenter.m; sourceTree = "<group>"; };
		17EB5109234E98CE0008A3A1 /* EMKDatabaseMigrationProgressViewProtocol.h */ = {isa = PBXFileReference; lastKnownFileType = sourcecode.c.h; path = EMKDatabaseMigrationProgressViewProtocol.h; sourceTree = "<group>"; };
		17EB510A234E9A1C0008A3A1 /* EMKDatabaseMigrationProgressViewEventHandlerProtocol.h */ = {isa = PBXFileReference; lastKnownFileType = sourcecode.c.h; path = EMKDatabaseMigrationProgressViewEventHandlerProtocol.h; sourceTree = "<group>"; };
		17EB510B234E9B340008A3A1 /* EMKDatabaseMigrationProvider.h */ = {isa = PBXFileReference; lastKnownFileType = sourcecode.c.h; path = EMKDatabaseMigrationProvider.h; sourceTree = "<group>"; };
		17EB510C234E9B750008A3A1 /* EMKDatabaseMigrationOutput.h */ = {isa = PBXFileReference; lastKnownFileType = sourcecode.c.h; path = EMKDatabaseMigrationOutput.h; sourceTree = "<group>"; };
		1F9CFC8F6AD8EB358FA6D2F3 /* Pods-Emakina-SelfTest.debug.xcconfig */ = {isa = PBXFileReference; includeInIndex = 1; lastKnownFileType = text.xcconfig; name = "Pods-Emakina-SelfTest.debug.xcconfig"; path = "Target Support Files/Pods-Emakina-SelfTest/Pods-Emakina-SelfTest.debug.xcconfig"; sourceTree = "<group>"; };
		306AC06054E1B35D19220A9F /* Pods-Emikana-SelfTestTests.release.xcconfig */ = {isa = PBXFileReference; includeInIndex = 1; lastKnownFileType = text.xcconfig; name = "Pods-Emikana-SelfTestTests.release.xcconfig"; path = "Target Support Files/Pods-Emikana-SelfTestTests/Pods-Emikana-SelfTestTests.release.xcconfig"; sourceTree = "<group>"; };
		41EBD2A74D99E1E8F452FE96 /* Pods-Emakina-SelfTest.release.xcconfig */ = {isa = PBXFileReference; includeInIndex = 1; lastKnownFileType = text.xcconfig; name = "Pods-Emakina-SelfTest.release.xcconfig"; path = "Target Support Files/Pods-Emakina-SelfTest/Pods-Emakina-SelfTest.release.xcconfig"; sourceTree = "<group>"; };
		51DAF23E4F005132E467D193 /* Pods_Emakina_SelfTestTests.framework */ = {isa = PBXFileReference; explicitFileType = wrapper.framework; includeInIndex = 0; path = Pods_Emakina_SelfTestTests.framework; sourceTree = BUILT_PRODUCTS_DIR; };
		52A4B89BEBD8104CF98AE181 /* Pods-Emakina-SelfTestTests.release.xcconfig */ = {isa = PBXFileReference; includeInIndex = 1; lastKnownFileType = text.xcconfig; name = "Pods-Emakina-SelfTestTests.release.xcconfig"; path = "Target Support Files/Pods-Emakina-SelfTestTests/Pods-Emakina-SelfTestTests.release.xcconfig"; sourceTree = "<group>"; };
		6B209E90E5F264075D49C4B0 /* Pods-Emikana-SelfTest.release.xcconfig */ = {isa = PBXFileReference; includeInIndex = 1; lastKnownFileType = text.xcconfig; name = "Pods-Emikana-SelfTest.release.xcconfig"; path = "Target Support Files/Pods-Emikana-SelfTest/Pods-Emikana-SelfTest.release.xcconfig"; sourceTree = "<group>"; };
		C1445E4F18728DC332635BE6 /* Pods-Emikana-SelfTestTests.debug.xcconfig */ = {isa = PBXFileReference; includeInIndex = 1; lastKnownFileType = text.xcconfig; name = "Pods-Emikana-SelfTestTests.debug.xcconfig"; path = "Target Support Files/Pods-Emikana-SelfTestTests/Pods-Emikana-SelfTestTests.debug.xcconfig"; sourceTree = "<group>"; };
		C9DD70BB0B20E89E12ECF470 /* Pods-Emakina-SelfTestTests.debug.xcconfig */ = {isa = PBXFileReference; includeInIndex = 1; lastKnownFileType = text.xcconfig; name = "Pods-Emakina-SelfTestTests.debug.xcconfig"; path = "Target Support Files/Pods-Emakina-SelfTestTests/Pods-Emakina-SelfTestTests.debug.xcconfig"; sourceTree = "<group>"; };
		E55DEA858E08F86BF765EA31 /* Pods-Emikana-SelfTest.debug.xcconfig */ = {isa = PBXFileReference; includeInIndex = 1; lastKnownFileType = text.xcconfig; name = "Pods-Emikana-SelfTest.debug.xcconfig"; path = "Target Support Files/Pods-Emikana-SelfTest/Pods-Emikana-SelfTest.debug.xcconfig"; sourceTree = "<group>"; };
/* End PBXFileReference section */

/* Begin PBXFrameworksBuildPhase section */
		17395C122347AA0E00A181A2 /* Frameworks */ = {
			isa = PBXFrameworksBuildPhase;
			buildActionMask = 2147483647;
			files = (
				17395C432347B57500A181A2 /* SystemConfiguration.framework in Frameworks */,
				C0FC709147BBD86BF46A3BE8 /* Pods_Emakina_SelfTest.framework in Frameworks */,
			);
			runOnlyForDeploymentPostprocessing = 0;
		};
		17395C2D2347AA0F00A181A2 /* Frameworks */ = {
			isa = PBXFrameworksBuildPhase;
			buildActionMask = 2147483647;
			files = (
				40CFAB7722BD9CFBFF04BAF4 /* Pods_Emakina_SelfTestTests.framework in Frameworks */,
			);
			runOnlyForDeploymentPostprocessing = 0;
		};
/* End PBXFrameworksBuildPhase section */

/* Begin PBXGroup section */
		170A013923510328008A02B2 /* Offices */ = {
			isa = PBXGroup;
			children = (
				170A014023510B62008A02B2 /* Office Map */,
				170A013F23510B57008A02B2 /* Office Details */,
				170A013E23510B4E008A02B2 /* Offices */,
				171B79C7235137D200B5F2C7 /* EMKOfficesRouterProtocol.h */,
				170A013B23510AFB008A02B2 /* EMKOfficesRouter.h */,
				170A013C23510AFB008A02B2 /* EMKOfficesRouter.m */,
			);
			path = Offices;
			sourceTree = "<group>";
		};
		170A013E23510B4E008A02B2 /* Offices */ = {
			isa = PBXGroup;
			children = (
				17395C3F2347B3CE00A181A2 /* EMKOfficesView.h */,
				17395C402347B3CE00A181A2 /* EMKOfficesView.m */,
				171B79BD235117F200B5F2C7 /* EMKOfficesViewProtocol.h */,
				171B79BE2351188700B5F2C7 /* EMKOfficesViewEventHandler.h */,
				171B79BF235119EE00B5F2C7 /* EMKOfficesPresenter.h */,
				171B79C0235119EE00B5F2C7 /* EMKOfficesPresenter.m */,
				171B79C223511D4900B5F2C7 /* EMKOfficesInteractor.h */,
				171B79C323511D4900B5F2C7 /* EMKOfficesInteractor.m */,
				171B79C523511D7900B5F2C7 /* EMKOfficesProvider.h */,
				171B79C623511E8F00B5F2C7 /* EMKOfficesOutput.h */,
			);
			path = Offices;
			sourceTree = "<group>";
		};
		170A013F23510B57008A02B2 /* Office Details */ = {
			isa = PBXGroup;
			children = (
			);
			path = "Office Details";
			sourceTree = "<group>";
		};
		170A014023510B62008A02B2 /* Office Map */ = {
			isa = PBXGroup;
			children = (
			);
			path = "Office Map";
			sourceTree = "<group>";
		};
		17395C0C2347AA0E00A181A2 = {
			isa = PBXGroup;
			children = (
				17395C172347AA0E00A181A2 /* Emikana-SelfTest */,
				17395C332347AA0F00A181A2 /* Emikana-SelfTestTests */,
				17395C162347AA0E00A181A2 /* Products */,
				BF989FCEC1C74829378088DD /* Pods */,
				720BDB9454BF760666F783C0 /* Frameworks */,
			);
			sourceTree = "<group>";
		};
		17395C162347AA0E00A181A2 /* Products */ = {
			isa = PBXGroup;
			children = (
				17395C152347AA0E00A181A2 /* Emakina Offices.app */,
				17395C302347AA0F00A181A2 /* Emakina-SelfTestTests.xctest */,
			);
			name = Products;
			sourceTree = "<group>";
		};
		17395C172347AA0E00A181A2 /* Emikana-SelfTest */ = {
			isa = PBXGroup;
			children = (
				17EB5101234E94BC0008A3A1 /* Modules */,
				17BCAC76234E1C28002B629E /* Database */,
				17BCAC72234D2B73002B629E /* Networking */,
				17395C4C234A4CFA00A181A2 /* Views */,
				17395C4B234A4CB500A181A2 /* View Controllers */,
				17395C4A234A4CA600A181A2 /* Data Model */,
				17395C182347AA0E00A181A2 /* AppDelegate.h */,
				17395C192347AA0E00A181A2 /* AppDelegate.m */,
				17395C242347AA0F00A181A2 /* Assets.xcassets */,
				17395C292347AA0F00A181A2 /* Info.plist */,
				17395C2A2347AA0F00A181A2 /* main.m */,
				17395C492347BA4700A181A2 /* EMKConstans.h */,
				17395C472347BA3200A181A2 /* EMKConstans.m */,
			);
			path = "Emikana-SelfTest";
			sourceTree = "<group>";
		};
		17395C332347AA0F00A181A2 /* Emikana-SelfTestTests */ = {
			isa = PBXGroup;
			children = (
				17395C342347AA0F00A181A2 /* Emikana_SelfTestTests.m */,
				17395C362347AA0F00A181A2 /* Info.plist */,
			);
			path = "Emikana-SelfTestTests";
			sourceTree = "<group>";
		};
		17395C4A234A4CA600A181A2 /* Data Model */ = {
			isa = PBXGroup;
			children = (
				17395C5B234A6CE800A181A2 /* Office+CoreDataProperties.h */,
				17395C5A234A6CE800A181A2 /* Office+CoreDataProperties.m */,
				17395C59234A6CE800A181A2 /* Office+CoreDataClass.h */,
				17395C5C234A6CE900A181A2 /* Office+CoreDataClass.m */,
				17395C50234A58E400A181A2 /* Offices.xcdatamodeld */,
				17EB50FF234E81C10008A3A1 /* Office_to_Office_2.xcmappingmodel */,
			);
			path = "Data Model";
			sourceTree = "<group>";
		};
		17395C4B234A4CB500A181A2 /* View Controllers */ = {
			isa = PBXGroup;
			children = (
				17395C65234BBDBD00A181A2 /* EMKOfficeDetailsTableViewController.h */,
				17395C66234BBDBD00A181A2 /* EMKOfficeDetailsTableViewController.m */,
				17395C71234CE98400A181A2 /* EMKOfficeMapViewController.h */,
				17395C72234CE98400A181A2 /* EMKOfficeMapViewController.m */,
			);
			path = "View Controllers";
			sourceTree = "<group>";
		};
		17395C4C234A4CFA00A181A2 /* Views */ = {
			isa = PBXGroup;
			children = (
				17395C212347AA0E00A181A2 /* Main.storyboard */,
				17395C262347AA0F00A181A2 /* LaunchScreen.storyboard */,
				17395C62234BA62600A181A2 /* EMKOfficeTableViewCell.h */,
				17395C63234BA62600A181A2 /* EMKOfficeTableViewCell.m */,
				17395C68234BC8E500A181A2 /* EMKOfficeDetailsNameCell.h */,
				17395C69234BC8E500A181A2 /* EMKOfficeDetailsNameCell.m */,
				17395C6B234BC92D00A181A2 /* EMKOfficeDetailsDetailsCell.h */,
				17395C6C234BC92D00A181A2 /* EMKOfficeDetailsDetailsCell.m */,
				17395C6E234BFA0700A181A2 /* EMKOfficeDetailsImageCell.h */,
				17395C6F234BFA0700A181A2 /* EMKOfficeDetailsImageCell.m */,
			);
			path = Views;
			sourceTree = "<group>";
		};
		17BBAF29234EAEB7003AB2F3 /* Database Sync */ = {
			isa = PBXGroup;
			children = (
				17395C5F234B9D1100A181A2 /* EMKDatabaseSyncView.h */,
				17395C60234B9D1100A181A2 /* EMKDatabaseSyncView.m */,
				17BBAF2A234EAF71003AB2F3 /* EMKDatabaseSyncViewProtocol.h */,
				17BBAF2B234EAFE4003AB2F3 /* EMKDatabaseSyncPresenter.h */,
				17BBAF2C234EAFE4003AB2F3 /* EMKDatabaseSyncPresenter.m */,
				17BBAF2E234EB039003AB2F3 /* EMKDatabaseSyncEventHandler.h */,
				17395C442347B99A00A181A2 /* EMKDatabaseSyncInteractor.h */,
				17395C452347B99A00A181A2 /* EMKDatabaseSyncInteractor.m */,
				170A0137234EB1FB008A02B2 /* EMKDatabaseSyncOutput.h */,
				170A0138234EB312008A02B2 /* EMKDatabaseSyncProvider.h */,
			);
			path = "Database Sync";
			sourceTree = "<group>";
		};
		17BCAC72234D2B73002B629E /* Networking */ = {
			isa = PBXGroup;
			children = (
				17BCAC73234D2BBC002B629E /* EMKApiManager.h */,
				17BCAC74234D2BBC002B629E /* EMKApiManager.m */,
			);
			path = Networking;
			sourceTree = "<group>";
		};
		17BCAC76234E1C28002B629E /* Database */ = {
			isa = PBXGroup;
			children = (
				17395C4D234A545800A181A2 /* EMKCoreDataHelper.h */,
				17395C4E234A545800A181A2 /* EMKCoreDataHelper.m */,
				17BCAC77234E1C56002B629E /* EMKDatabaseManager.h */,
				17BCAC78234E1C56002B629E /* EMKDatabaseManager.m */,
			);
			path = Database;
			sourceTree = "<group>";
		};
		17EB5101234E94BC0008A3A1 /* Modules */ = {
			isa = PBXGroup;
			children = (
				170A013923510328008A02B2 /* Offices */,
				17BBAF29234EAEB7003AB2F3 /* Database Sync */,
				17EB5102234E94CF0008A3A1 /* Database Migration */,
				17BBAF26234EA969003AB2F3 /* EMKMainRouter.h */,
				17BBAF27234EA969003AB2F3 /* EMKMainRouter.m */,
				170A013A23510AA5008A02B2 /* EMKRouter.h */,
			);
			path = Modules;
			sourceTree = "<group>";
		};
		17EB5102234E94CF0008A3A1 /* Database Migration */ = {
			isa = PBXGroup;
			children = (
				17EB5103234E95AE0008A3A1 /* EMKDatabaseMigrationProgressView.h */,
				17EB5104234E95AE0008A3A1 /* EMKDatabaseMigrationProgressView.m */,
				17EB5106234E96410008A3A1 /* EMKDatabaseMigrationProgressPresenter.h */,
				17EB5107234E96410008A3A1 /* EMKDatabaseMigrationProgressPresenter.m */,
				17EB5109234E98CE0008A3A1 /* EMKDatabaseMigrationProgressViewProtocol.h */,
				17EB510A234E9A1C0008A3A1 /* EMKDatabaseMigrationProgressViewEventHandlerProtocol.h */,
				17EB50FB234E6CAA0008A3A1 /* EMKDatabaseMigrationInteractor.h */,
				17EB50FC234E6CAA0008A3A1 /* EMKDatabaseMigrationInteractor.m */,
				17EB510B234E9B340008A3A1 /* EMKDatabaseMigrationProvider.h */,
				17EB510C234E9B750008A3A1 /* EMKDatabaseMigrationOutput.h */,
			);
			path = "Database Migration";
			sourceTree = "<group>";
		};
		720BDB9454BF760666F783C0 /* Frameworks */ = {
			isa = PBXGroup;
			children = (
				17395C422347B57500A181A2 /* SystemConfiguration.framework */,
				109DD9D70C2E8BEBDC0C9258 /* Pods_Emakina_SelfTest.framework */,
				51DAF23E4F005132E467D193 /* Pods_Emakina_SelfTestTests.framework */,
			);
			name = Frameworks;
			sourceTree = "<group>";
		};
		BF989FCEC1C74829378088DD /* Pods */ = {
			isa = PBXGroup;
			children = (
				E55DEA858E08F86BF765EA31 /* Pods-Emikana-SelfTest.debug.xcconfig */,
				6B209E90E5F264075D49C4B0 /* Pods-Emikana-SelfTest.release.xcconfig */,
				C1445E4F18728DC332635BE6 /* Pods-Emikana-SelfTestTests.debug.xcconfig */,
				306AC06054E1B35D19220A9F /* Pods-Emikana-SelfTestTests.release.xcconfig */,
				1F9CFC8F6AD8EB358FA6D2F3 /* Pods-Emakina-SelfTest.debug.xcconfig */,
				41EBD2A74D99E1E8F452FE96 /* Pods-Emakina-SelfTest.release.xcconfig */,
				C9DD70BB0B20E89E12ECF470 /* Pods-Emakina-SelfTestTests.debug.xcconfig */,
				52A4B89BEBD8104CF98AE181 /* Pods-Emakina-SelfTestTests.release.xcconfig */,
			);
			path = Pods;
			sourceTree = "<group>";
		};
/* End PBXGroup section */

/* Begin PBXNativeTarget section */
		17395C142347AA0E00A181A2 /* Emakina-SelfTest */ = {
			isa = PBXNativeTarget;
			buildConfigurationList = 17395C392347AA0F00A181A2 /* Build configuration list for PBXNativeTarget "Emakina-SelfTest" */;
			buildPhases = (
				5CE320C86EBA554B83F71C67 /* [CP] Check Pods Manifest.lock */,
				17395C112347AA0E00A181A2 /* Sources */,
				17395C122347AA0E00A181A2 /* Frameworks */,
				17395C132347AA0E00A181A2 /* Resources */,
				7EDEF31F60BB5C2DF09F2FE0 /* [CP] Embed Pods Frameworks */,
			);
			buildRules = (
			);
			dependencies = (
			);
			name = "Emakina-SelfTest";
			productName = "Emikana-SelfTest";
			productReference = 17395C152347AA0E00A181A2 /* Emakina Offices.app */;
			productType = "com.apple.product-type.application";
		};
		17395C2F2347AA0F00A181A2 /* Emakina-SelfTestTests */ = {
			isa = PBXNativeTarget;
			buildConfigurationList = 17395C3C2347AA0F00A181A2 /* Build configuration list for PBXNativeTarget "Emakina-SelfTestTests" */;
			buildPhases = (
				0E819B6FAC8F2F809A9775EF /* [CP] Check Pods Manifest.lock */,
				17395C2C2347AA0F00A181A2 /* Sources */,
				17395C2D2347AA0F00A181A2 /* Frameworks */,
				17395C2E2347AA0F00A181A2 /* Resources */,
			);
			buildRules = (
			);
			dependencies = (
				17395C322347AA0F00A181A2 /* PBXTargetDependency */,
			);
			name = "Emakina-SelfTestTests";
			productName = "Emikana-SelfTestTests";
			productReference = 17395C302347AA0F00A181A2 /* Emakina-SelfTestTests.xctest */;
			productType = "com.apple.product-type.bundle.unit-test";
		};
/* End PBXNativeTarget section */

/* Begin PBXProject section */
		17395C0D2347AA0E00A181A2 /* Project object */ = {
			isa = PBXProject;
			attributes = {
				LastUpgradeCheck = 1100;
				ORGANIZATIONNAME = skyisthelimit.aero;
				TargetAttributes = {
					17395C142347AA0E00A181A2 = {
						CreatedOnToolsVersion = 11.0;
					};
					17395C2F2347AA0F00A181A2 = {
						CreatedOnToolsVersion = 11.0;
						TestTargetID = 17395C142347AA0E00A181A2;
					};
				};
			};
			buildConfigurationList = 17395C102347AA0E00A181A2 /* Build configuration list for PBXProject "Emakina-SelfTest" */;
			compatibilityVersion = "Xcode 9.3";
			developmentRegion = en;
			hasScannedForEncodings = 0;
			knownRegions = (
				en,
				Base,
			);
			mainGroup = 17395C0C2347AA0E00A181A2;
			productRefGroup = 17395C162347AA0E00A181A2 /* Products */;
			projectDirPath = "";
			projectRoot = "";
			targets = (
				17395C142347AA0E00A181A2 /* Emakina-SelfTest */,
				17395C2F2347AA0F00A181A2 /* Emakina-SelfTestTests */,
			);
		};
/* End PBXProject section */

/* Begin PBXResourcesBuildPhase section */
		17395C132347AA0E00A181A2 /* Resources */ = {
			isa = PBXResourcesBuildPhase;
			buildActionMask = 2147483647;
			files = (
				17395C282347AA0F00A181A2 /* LaunchScreen.storyboard in Resources */,
				17395C252347AA0F00A181A2 /* Assets.xcassets in Resources */,
				17395C232347AA0E00A181A2 /* Main.storyboard in Resources */,
			);
			runOnlyForDeploymentPostprocessing = 0;
		};
		17395C2E2347AA0F00A181A2 /* Resources */ = {
			isa = PBXResourcesBuildPhase;
			buildActionMask = 2147483647;
			files = (
			);
			runOnlyForDeploymentPostprocessing = 0;
		};
/* End PBXResourcesBuildPhase section */

/* Begin PBXShellScriptBuildPhase section */
		0E819B6FAC8F2F809A9775EF /* [CP] Check Pods Manifest.lock */ = {
			isa = PBXShellScriptBuildPhase;
			buildActionMask = 2147483647;
			files = (
			);
			inputFileListPaths = (
			);
			inputPaths = (
				"${PODS_PODFILE_DIR_PATH}/Podfile.lock",
				"${PODS_ROOT}/Manifest.lock",
			);
			name = "[CP] Check Pods Manifest.lock";
			outputFileListPaths = (
			);
			outputPaths = (
				"$(DERIVED_FILE_DIR)/Pods-Emakina-SelfTestTests-checkManifestLockResult.txt",
			);
			runOnlyForDeploymentPostprocessing = 0;
			shellPath = /bin/sh;
			shellScript = "diff \"${PODS_PODFILE_DIR_PATH}/Podfile.lock\" \"${PODS_ROOT}/Manifest.lock\" > /dev/null\nif [ $? != 0 ] ; then\n    # print error to STDERR\n    echo \"error: The sandbox is not in sync with the Podfile.lock. Run 'pod install' or update your CocoaPods installation.\" >&2\n    exit 1\nfi\n# This output is used by Xcode 'outputs' to avoid re-running this script phase.\necho \"SUCCESS\" > \"${SCRIPT_OUTPUT_FILE_0}\"\n";
			showEnvVarsInLog = 0;
		};
		5CE320C86EBA554B83F71C67 /* [CP] Check Pods Manifest.lock */ = {
			isa = PBXShellScriptBuildPhase;
			buildActionMask = 2147483647;
			files = (
			);
			inputFileListPaths = (
			);
			inputPaths = (
				"${PODS_PODFILE_DIR_PATH}/Podfile.lock",
				"${PODS_ROOT}/Manifest.lock",
			);
			name = "[CP] Check Pods Manifest.lock";
			outputFileListPaths = (
			);
			outputPaths = (
				"$(DERIVED_FILE_DIR)/Pods-Emakina-SelfTest-checkManifestLockResult.txt",
			);
			runOnlyForDeploymentPostprocessing = 0;
			shellPath = /bin/sh;
			shellScript = "diff \"${PODS_PODFILE_DIR_PATH}/Podfile.lock\" \"${PODS_ROOT}/Manifest.lock\" > /dev/null\nif [ $? != 0 ] ; then\n    # print error to STDERR\n    echo \"error: The sandbox is not in sync with the Podfile.lock. Run 'pod install' or update your CocoaPods installation.\" >&2\n    exit 1\nfi\n# This output is used by Xcode 'outputs' to avoid re-running this script phase.\necho \"SUCCESS\" > \"${SCRIPT_OUTPUT_FILE_0}\"\n";
			showEnvVarsInLog = 0;
		};
		7EDEF31F60BB5C2DF09F2FE0 /* [CP] Embed Pods Frameworks */ = {
			isa = PBXShellScriptBuildPhase;
			buildActionMask = 2147483647;
			files = (
			);
			inputFileListPaths = (
				"${PODS_ROOT}/Target Support Files/Pods-Emakina-SelfTest/Pods-Emakina-SelfTest-frameworks-${CONFIGURATION}-input-files.xcfilelist",
			);
			name = "[CP] Embed Pods Frameworks";
			outputFileListPaths = (
				"${PODS_ROOT}/Target Support Files/Pods-Emakina-SelfTest/Pods-Emakina-SelfTest-frameworks-${CONFIGURATION}-output-files.xcfilelist",
			);
			runOnlyForDeploymentPostprocessing = 0;
			shellPath = /bin/sh;
			shellScript = "\"${PODS_ROOT}/Target Support Files/Pods-Emakina-SelfTest/Pods-Emakina-SelfTest-frameworks.sh\"\n";
			showEnvVarsInLog = 0;
		};
/* End PBXShellScriptBuildPhase section */

/* Begin PBXSourcesBuildPhase section */
		17395C112347AA0E00A181A2 /* Sources */ = {
			isa = PBXSourcesBuildPhase;
			buildActionMask = 2147483647;
			files = (
				17EB5108234E96410008A3A1 /* EMKDatabaseMigrationProgressPresenter.m in Sources */,
				17BCAC75234D2BBC002B629E /* EMKApiManager.m in Sources */,
				17395C462347B99A00A181A2 /* EMKDatabaseSyncInteractor.m in Sources */,
				17395C61234B9D1100A181A2 /* EMKDatabaseSyncView.m in Sources */,
				17EB5105234E95AE0008A3A1 /* EMKDatabaseMigrationProgressView.m in Sources */,
				17EB5100234E81C10008A3A1 /* Office_to_Office_2.xcmappingmodel in Sources */,
				17395C482347BA3200A181A2 /* EMKConstans.m in Sources */,
				17395C5E234A6CE900A181A2 /* Office+CoreDataClass.m in Sources */,
				171B79C1235119EE00B5F2C7 /* EMKOfficesPresenter.m in Sources */,
				17395C64234BA62600A181A2 /* EMKOfficeTableViewCell.m in Sources */,
				17395C70234BFA0700A181A2 /* EMKOfficeDetailsImageCell.m in Sources */,
				17EB50FD234E6CAA0008A3A1 /* EMKDatabaseMigrationInteractor.m in Sources */,
				17395C6A234BC8E500A181A2 /* EMKOfficeDetailsNameCell.m in Sources */,
				17BBAF2D234EAFE4003AB2F3 /* EMKDatabaseSyncPresenter.m in Sources */,
				171B79C423511D4900B5F2C7 /* EMKOfficesInteractor.m in Sources */,
				17395C412347B3CE00A181A2 /* EMKOfficesView.m in Sources */,
				17395C1A2347AA0E00A181A2 /* AppDelegate.m in Sources */,
				17395C4F234A545800A181A2 /* EMKCoreDataHelper.m in Sources */,
				17395C5D234A6CE900A181A2 /* Office+CoreDataProperties.m in Sources */,
				17BCAC79234E1C56002B629E /* EMKDatabaseManager.m in Sources */,
				170A013D23510AFB008A02B2 /* EMKOfficesRouter.m in Sources */,
				17395C2B2347AA0F00A181A2 /* main.m in Sources */,
				17395C6D234BC92D00A181A2 /* EMKOfficeDetailsDetailsCell.m in Sources */,
				17395C73234CE98400A181A2 /* EMKOfficeMapViewController.m in Sources */,
				17395C67234BBDBD00A181A2 /* EMKOfficeDetailsTableViewController.m in Sources */,
				17395C52234A58E400A181A2 /* Offices.xcdatamodeld in Sources */,
				17BBAF28234EA969003AB2F3 /* EMKMainRouter.m in Sources */,
			);
			runOnlyForDeploymentPostprocessing = 0;
		};
		17395C2C2347AA0F00A181A2 /* Sources */ = {
			isa = PBXSourcesBuildPhase;
			buildActionMask = 2147483647;
			files = (
				17395C352347AA0F00A181A2 /* Emikana_SelfTestTests.m in Sources */,
			);
			runOnlyForDeploymentPostprocessing = 0;
		};
/* End PBXSourcesBuildPhase section */

/* Begin PBXTargetDependency section */
		17395C322347AA0F00A181A2 /* PBXTargetDependency */ = {
			isa = PBXTargetDependency;
			target = 17395C142347AA0E00A181A2 /* Emakina-SelfTest */;
			targetProxy = 17395C312347AA0F00A181A2 /* PBXContainerItemProxy */;
		};
/* End PBXTargetDependency section */

/* Begin PBXVariantGroup section */
		17395C212347AA0E00A181A2 /* Main.storyboard */ = {
			isa = PBXVariantGroup;
			children = (
				17395C222347AA0E00A181A2 /* Base */,
			);
			name = Main.storyboard;
			sourceTree = "<group>";
		};
		17395C262347AA0F00A181A2 /* LaunchScreen.storyboard */ = {
			isa = PBXVariantGroup;
			children = (
				17395C272347AA0F00A181A2 /* Base */,
			);
			name = LaunchScreen.storyboard;
			sourceTree = "<group>";
		};
/* End PBXVariantGroup section */

/* Begin XCBuildConfiguration section */
		17395C372347AA0F00A181A2 /* Debug */ = {
			isa = XCBuildConfiguration;
			buildSettings = {
				ALWAYS_SEARCH_USER_PATHS = NO;
				CLANG_ANALYZER_NONNULL = YES;
				CLANG_ANALYZER_NUMBER_OBJECT_CONVERSION = YES_AGGRESSIVE;
				CLANG_CXX_LANGUAGE_STANDARD = "gnu++14";
				CLANG_CXX_LIBRARY = "libc++";
				CLANG_ENABLE_MODULES = YES;
				CLANG_ENABLE_OBJC_ARC = YES;
				CLANG_ENABLE_OBJC_WEAK = YES;
				CLANG_WARN_BLOCK_CAPTURE_AUTORELEASING = YES;
				CLANG_WARN_BOOL_CONVERSION = YES;
				CLANG_WARN_COMMA = YES;
				CLANG_WARN_CONSTANT_CONVERSION = YES;
				CLANG_WARN_DEPRECATED_OBJC_IMPLEMENTATIONS = YES;
				CLANG_WARN_DIRECT_OBJC_ISA_USAGE = YES_ERROR;
				CLANG_WARN_DOCUMENTATION_COMMENTS = YES;
				CLANG_WARN_EMPTY_BODY = YES;
				CLANG_WARN_ENUM_CONVERSION = YES;
				CLANG_WARN_INFINITE_RECURSION = YES;
				CLANG_WARN_INT_CONVERSION = YES;
				CLANG_WARN_NON_LITERAL_NULL_CONVERSION = YES;
				CLANG_WARN_OBJC_IMPLICIT_RETAIN_SELF = YES;
				CLANG_WARN_OBJC_LITERAL_CONVERSION = YES;
				CLANG_WARN_OBJC_ROOT_CLASS = YES_ERROR;
				CLANG_WARN_RANGE_LOOP_ANALYSIS = YES;
				CLANG_WARN_STRICT_PROTOTYPES = YES;
				CLANG_WARN_SUSPICIOUS_MOVE = YES;
				CLANG_WARN_UNGUARDED_AVAILABILITY = YES_AGGRESSIVE;
				CLANG_WARN_UNREACHABLE_CODE = YES;
				CLANG_WARN__DUPLICATE_METHOD_MATCH = YES;
				COPY_PHASE_STRIP = NO;
				DEBUG_INFORMATION_FORMAT = dwarf;
				ENABLE_STRICT_OBJC_MSGSEND = YES;
				ENABLE_TESTABILITY = YES;
				GCC_C_LANGUAGE_STANDARD = gnu11;
				GCC_DYNAMIC_NO_PIC = NO;
				GCC_NO_COMMON_BLOCKS = YES;
				GCC_OPTIMIZATION_LEVEL = 0;
				GCC_PREPROCESSOR_DEFINITIONS = (
					"DEBUG=1",
					"$(inherited)",
				);
				GCC_WARN_64_TO_32_BIT_CONVERSION = YES;
				GCC_WARN_ABOUT_RETURN_TYPE = YES_ERROR;
				GCC_WARN_UNDECLARED_SELECTOR = YES;
				GCC_WARN_UNINITIALIZED_AUTOS = YES_AGGRESSIVE;
				GCC_WARN_UNUSED_FUNCTION = YES;
				GCC_WARN_UNUSED_VARIABLE = YES;
				IPHONEOS_DEPLOYMENT_TARGET = 11.0;
				MTL_ENABLE_DEBUG_INFO = INCLUDE_SOURCE;
				MTL_FAST_MATH = YES;
				ONLY_ACTIVE_ARCH = YES;
				SDKROOT = iphoneos;
			};
			name = Debug;
		};
		17395C382347AA0F00A181A2 /* Release */ = {
			isa = XCBuildConfiguration;
			buildSettings = {
				ALWAYS_SEARCH_USER_PATHS = NO;
				CLANG_ANALYZER_NONNULL = YES;
				CLANG_ANALYZER_NUMBER_OBJECT_CONVERSION = YES_AGGRESSIVE;
				CLANG_CXX_LANGUAGE_STANDARD = "gnu++14";
				CLANG_CXX_LIBRARY = "libc++";
				CLANG_ENABLE_MODULES = YES;
				CLANG_ENABLE_OBJC_ARC = YES;
				CLANG_ENABLE_OBJC_WEAK = YES;
				CLANG_WARN_BLOCK_CAPTURE_AUTORELEASING = YES;
				CLANG_WARN_BOOL_CONVERSION = YES;
				CLANG_WARN_COMMA = YES;
				CLANG_WARN_CONSTANT_CONVERSION = YES;
				CLANG_WARN_DEPRECATED_OBJC_IMPLEMENTATIONS = YES;
				CLANG_WARN_DIRECT_OBJC_ISA_USAGE = YES_ERROR;
				CLANG_WARN_DOCUMENTATION_COMMENTS = YES;
				CLANG_WARN_EMPTY_BODY = YES;
				CLANG_WARN_ENUM_CONVERSION = YES;
				CLANG_WARN_INFINITE_RECURSION = YES;
				CLANG_WARN_INT_CONVERSION = YES;
				CLANG_WARN_NON_LITERAL_NULL_CONVERSION = YES;
				CLANG_WARN_OBJC_IMPLICIT_RETAIN_SELF = YES;
				CLANG_WARN_OBJC_LITERAL_CONVERSION = YES;
				CLANG_WARN_OBJC_ROOT_CLASS = YES_ERROR;
				CLANG_WARN_RANGE_LOOP_ANALYSIS = YES;
				CLANG_WARN_STRICT_PROTOTYPES = YES;
				CLANG_WARN_SUSPICIOUS_MOVE = YES;
				CLANG_WARN_UNGUARDED_AVAILABILITY = YES_AGGRESSIVE;
				CLANG_WARN_UNREACHABLE_CODE = YES;
				CLANG_WARN__DUPLICATE_METHOD_MATCH = YES;
				COPY_PHASE_STRIP = NO;
				DEBUG_INFORMATION_FORMAT = "dwarf-with-dsym";
				ENABLE_NS_ASSERTIONS = NO;
				ENABLE_STRICT_OBJC_MSGSEND = YES;
				GCC_C_LANGUAGE_STANDARD = gnu11;
				GCC_NO_COMMON_BLOCKS = YES;
				GCC_WARN_64_TO_32_BIT_CONVERSION = YES;
				GCC_WARN_ABOUT_RETURN_TYPE = YES_ERROR;
				GCC_WARN_UNDECLARED_SELECTOR = YES;
				GCC_WARN_UNINITIALIZED_AUTOS = YES_AGGRESSIVE;
				GCC_WARN_UNUSED_FUNCTION = YES;
				GCC_WARN_UNUSED_VARIABLE = YES;
				IPHONEOS_DEPLOYMENT_TARGET = 11.0;
				MTL_ENABLE_DEBUG_INFO = NO;
				MTL_FAST_MATH = YES;
				SDKROOT = iphoneos;
				VALIDATE_PRODUCT = YES;
			};
			name = Release;
		};
		17395C3A2347AA0F00A181A2 /* Debug */ = {
			isa = XCBuildConfiguration;
			baseConfigurationReference = 1F9CFC8F6AD8EB358FA6D2F3 /* Pods-Emakina-SelfTest.debug.xcconfig */;
			buildSettings = {
				ASSETCATALOG_COMPILER_APPICON_NAME = AppIcon;
				CODE_SIGN_IDENTITY = "iPhone Developer";
				CODE_SIGN_STYLE = Manual;
				DEVELOPMENT_TEAM = TD73N3AVL7;
				INFOPLIST_FILE = "Emikana-SelfTest/Info.plist";
				IPHONEOS_DEPLOYMENT_TARGET = 11.0;
				LD_RUNPATH_SEARCH_PATHS = (
					"$(inherited)",
					"@executable_path/Frameworks",
				);
				PRODUCT_BUNDLE_IDENTIFIER = "aero.skyisthelimit.Emakina-SelfTest";
				PRODUCT_NAME = "Emakina Offices";
				PROVISIONING_PROFILE_SPECIFIER = "General Development";
				TARGETED_DEVICE_FAMILY = 1;
			};
			name = Debug;
		};
		17395C3B2347AA0F00A181A2 /* Release */ = {
			isa = XCBuildConfiguration;
			baseConfigurationReference = 41EBD2A74D99E1E8F452FE96 /* Pods-Emakina-SelfTest.release.xcconfig */;
			buildSettings = {
				ASSETCATALOG_COMPILER_APPICON_NAME = AppIcon;
				CODE_SIGN_IDENTITY = "iPhone Developer";
				CODE_SIGN_STYLE = Manual;
				DEVELOPMENT_TEAM = TD73N3AVL7;
				INFOPLIST_FILE = "Emikana-SelfTest/Info.plist";
				IPHONEOS_DEPLOYMENT_TARGET = 11.0;
				LD_RUNPATH_SEARCH_PATHS = (
					"$(inherited)",
					"@executable_path/Frameworks",
				);
				PRODUCT_BUNDLE_IDENTIFIER = "aero.skyisthelimit.Emakina-SelfTest";
				PRODUCT_NAME = "Emakina Offices";
				PROVISIONING_PROFILE_SPECIFIER = "General Development";
				TARGETED_DEVICE_FAMILY = 1;
			};
			name = Release;
		};
		17395C3D2347AA0F00A181A2 /* Debug */ = {
			isa = XCBuildConfiguration;
			baseConfigurationReference = C9DD70BB0B20E89E12ECF470 /* Pods-Emakina-SelfTestTests.debug.xcconfig */;
			buildSettings = {
				BUNDLE_LOADER = "$(TEST_HOST)";
				CODE_SIGN_STYLE = Manual;
				DEVELOPMENT_TEAM = TD73N3AVL7;
				INFOPLIST_FILE = "Emikana-SelfTestTests/Info.plist";
				IPHONEOS_DEPLOYMENT_TARGET = 13.0;
				LD_RUNPATH_SEARCH_PATHS = (
					"$(inherited)",
					"@executable_path/Frameworks",
					"@loader_path/Frameworks",
				);
				PRODUCT_BUNDLE_IDENTIFIER = "aero.skyisthelimit.Emikana-SelfTestTests";
				PRODUCT_NAME = "$(TARGET_NAME)";
				PROVISIONING_PROFILE_SPECIFIER = "";
				"PROVISIONING_PROFILE_SPECIFIER[sdk=macosx*]" = "";
				TARGETED_DEVICE_FAMILY = "1,2";
				TEST_HOST = "$(BUILT_PRODUCTS_DIR)/Emakina-SelfTest.app/Emakina-SelfTest";
			};
			name = Debug;
		};
		17395C3E2347AA0F00A181A2 /* Release */ = {
			isa = XCBuildConfiguration;
			baseConfigurationReference = 52A4B89BEBD8104CF98AE181 /* Pods-Emakina-SelfTestTests.release.xcconfig */;
			buildSettings = {
				BUNDLE_LOADER = "$(TEST_HOST)";
				CODE_SIGN_STYLE = Manual;
				DEVELOPMENT_TEAM = TD73N3AVL7;
				INFOPLIST_FILE = "Emikana-SelfTestTests/Info.plist";
				IPHONEOS_DEPLOYMENT_TARGET = 13.0;
				LD_RUNPATH_SEARCH_PATHS = (
					"$(inherited)",
					"@executable_path/Frameworks",
					"@loader_path/Frameworks",
				);
				PRODUCT_BUNDLE_IDENTIFIER = "aero.skyisthelimit.Emikana-SelfTestTests";
				PRODUCT_NAME = "$(TARGET_NAME)";
				PROVISIONING_PROFILE_SPECIFIER = "";
				"PROVISIONING_PROFILE_SPECIFIER[sdk=macosx*]" = "";
				TARGETED_DEVICE_FAMILY = "1,2";
				TEST_HOST = "$(BUILT_PRODUCTS_DIR)/Emakina-SelfTest.app/Emakina-SelfTest";
			};
			name = Release;
		};
/* End XCBuildConfiguration section */

/* Begin XCConfigurationList section */
		17395C102347AA0E00A181A2 /* Build configuration list for PBXProject "Emakina-SelfTest" */ = {
			isa = XCConfigurationList;
			buildConfigurations = (
				17395C372347AA0F00A181A2 /* Debug */,
				17395C382347AA0F00A181A2 /* Release */,
			);
			defaultConfigurationIsVisible = 0;
			defaultConfigurationName = Release;
		};
		17395C392347AA0F00A181A2 /* Build configuration list for PBXNativeTarget "Emakina-SelfTest" */ = {
			isa = XCConfigurationList;
			buildConfigurations = (
				17395C3A2347AA0F00A181A2 /* Debug */,
				17395C3B2347AA0F00A181A2 /* Release */,
			);
			defaultConfigurationIsVisible = 0;
			defaultConfigurationName = Release;
		};
		17395C3C2347AA0F00A181A2 /* Build configuration list for PBXNativeTarget "Emakina-SelfTestTests" */ = {
			isa = XCConfigurationList;
			buildConfigurations = (
				17395C3D2347AA0F00A181A2 /* Debug */,
				17395C3E2347AA0F00A181A2 /* Release */,
			);
			defaultConfigurationIsVisible = 0;
			defaultConfigurationName = Release;
		};
/* End XCConfigurationList section */

/* Begin XCVersionGroup section */
		17395C50234A58E400A181A2 /* Offices.xcdatamodeld */ = {
			isa = XCVersionGroup;
			children = (
				17EB50FE234E80FB0008A3A1 /* Offices_2.xcdatamodel */,
				17395C51234A58E400A181A2 /* Offices.xcdatamodel */,
			);
			currentVersion = 17EB50FE234E80FB0008A3A1 /* Offices_2.xcdatamodel */;
			path = Offices.xcdatamodeld;
			sourceTree = "<group>";
			versionGroupType = wrapper.xcdatamodel;
		};
/* End XCVersionGroup section */
	};
	rootObject = 17395C0D2347AA0E00A181A2 /* Project object */;
}
